Microsoft Visual Studio Solution File, Format Version 12.00
# Visual Studio Version 17
VisualStudioVersion = 17.5.2.0
MinimumVisualStudioVersion = 10.0.40219.1
Project("{FAE04EC0-301F-11D3-BF4B-00C04F79EFBC}") = "PoolLeagueTracker", "PoolLeagueTracker.csproj", "{6B748DB6-F53A-E85E-F39A-69859F512C16}"
EndProject
Global
	GlobalSection(SolutionConfigurationPlatforms) = preSolution
		Debug|Any CPU = Debug|Any CPU
		Release|Any CPU = Release|Any CPU
	EndGlobalSection
	GlobalSection(ProjectConfigurationPlatforms) = postSolution
		{6B748DB6-F53A-E85E-F39A-69859F512C16}.Debug|Any CPU.ActiveCfg = Debug|Any CPU
		{6B748DB6-F53A-E85E-F39A-69859F512C16}.Debug|Any CPU.Build.0 = Debug|Any CPU
		{6B748DB6-F53A-E85E-F39A-69859F512C16}.Release|Any CPU.ActiveCfg = Release|Any CPU
		{6B748DB6-F53A-E85E-F39A-69859F512C16}.Release|Any CPU.Build.0 = Release|Any CPU
	EndGlobalSection
	GlobalSection(SolutionProperties) = preSolution
		HideSolutionNode = FALSE
	EndGlobalSection
	GlobalSection(ExtensibilityGlobals) = postSolution
		SolutionGuid = {FC3A29A6-AFDD-46A1-8ACA-6EF774AA8F66}
	EndGlobalSection
EndGlobal
